{
  "name": "13.ElectronNvsCode",
  "version": "1.0.0",
  "lockfileVersion": 1,
  "requires": true,
  "dependencies": {
    "jquery": {
      "version": "3.5.1",
      "resolved": "https://registry.npmjs.org/jquery/-/jquery-3.5.1.tgz",
      "integrity": "sha512-XwIBPqcMn57FxfT+Go5pzySnm4KWkT1Tv7gjrpT1srtf8Weynl6R273VJ5GjkRb51IzMp5nbaPjJXMWeju2MKg=="
    },
    "jstree": {
      "version": "3.3.10",
      "resolved": "https://registry.npmjs.org/jstree/-/jstree-3.3.10.tgz",
      "integrity": "sha512-TDhwTy24ZKCVei0gLRxnH5PQuX77nqlG7bhQh+UDTeOxC2xdhDrS1x7YtbjLVlSxmH7USnA/WIeVOGN/m3D0QA==",
      "requires": {
        "jquery": ">=1.9.1"
      }
    }
  }
}
